
Microsoft Visual Studio Solution File, Format Version 12.00
# Visual Studio Version 16
VisualStudioVersion = 16.0.31112.23
MinimumVisualStudioVersion = 10.0.40219.1
Project("{FAE04EC0-301F-11D3-BF4B-00C04F79EFBC}") = "Protocols", "Protocols\Protocols.csproj", "{02505AEB-9096-47DD-ABFF-12804C03DFB6}"
EndProject
Global
	GlobalSection(SolutionConfigurationPlatforms) = preSolution
		Debug|Any CPU = Debug|Any CPU
		Release|Any CPU = Release|Any CPU
	EndGlobalSection
	GlobalSection(ProjectConfigurationPlatforms) = postSolution
		{02505AEB-9096-47DD-ABFF-12804C03DFB6}.Debug|Any CPU.ActiveCfg = Debug|Any CPU
		{02505AEB-9096-47DD-ABFF-12804C03DFB6}.Debug|Any CPU.Build.0 = Debug|Any CPU
		{02505AEB-9096-47DD-ABFF-12804C03DFB6}.Release|Any CPU.ActiveCfg = Release|Any CPU
		{02505AEB-9096-47DD-ABFF-12804C03DFB6}.Release|Any CPU.Build.0 = Release|Any CPU
	EndGlobalSection
	GlobalSection(SolutionProperties) = preSolution
		HideSolutionNode = FALSE
	EndGlobalSection
	GlobalSection(ExtensibilityGlobals) = postSolution
		SolutionGuid = {3DFD9499-62CE-4A33-A786-F1B6F4378B7C}
	EndGlobalSection
EndGlobal
